
Microsoft Visual Studio Solution File, Format Version 12.00
# Visual Studio Version 16
VisualStudioVersion = 16.0.30717.126
MinimumVisualStudioVersion = 10.0.40219.1
Project("{FAE04EC0-301F-11D3-BF4B-00C04F79EFBC}") = "MapApp.Android", "MapApp\MapApp.Android\MapApp.Android.csproj", "{EC604E67-EF53-4473-A322-A225CBED4D9A}"
EndProject
Project("{FAE04EC0-301F-11D3-BF4B-00C04F79EFBC}") = "MapApp.iOS", "MapApp\MapApp.iOS\MapApp.iOS.csproj", "{2EA8C1A7-BFD6-4E8D-96FF-B6795C8206ED}"
EndProject
Project("{FAE04EC0-301F-11D3-BF4B-00C04F79EFBC}") = "MapApp", "MapApp\MapApp\MapApp.csproj", "{E59966AA-A887-48FC-9C92-9208C0771805}"
EndProject
Global
	GlobalSection(SolutionConfigurationPlatforms) = preSolution
		Debug|Any CPU = Debug|Any CPU
		Debug|iPhone = Debug|iPhone
		Debug|iPhoneSimulator = Debug|iPhoneSimulator
		Release|Any CPU = Release|Any CPU
		Release|iPhone = Release|iPhone
		Release|iPhoneSimulator = Release|iPhoneSimulator
	EndGlobalSection
	GlobalSection(ProjectConfigurationPlatforms) = postSolution
		{EC604E67-EF53-4473-A322-A225CBED4D9A}.Debug|Any CPU.ActiveCfg = Debug|Any CPU
		{EC604E67-EF53-4473-A322-A225CBED4D9A}.Debug|Any CPU.Build.0 = Debug|Any CPU
		{EC604E67-EF53-4473-A322-A225CBED4D9A}.Debug|Any CPU.Deploy.0 = Debug|Any CPU
		{EC604E67-EF53-4473-A322-A225CBED4D9A}.Debug|iPhone.ActiveCfg = Debug|Any CPU
		{EC604E67-EF53-4473-A322-A225CBED4D9A}.Debug|iPhone.Build.0 = Debug|Any CPU
		{EC604E67-EF53-4473-A322-A225CBED4D9A}.Debug|iPhone.Deploy.0 = Debug|Any CPU
		{EC604E67-EF53-4473-A322-A225CBED4D9A}.Debug|iPhoneSimulator.ActiveCfg = Debug|Any CPU
		{EC604E67-EF53-4473-A322-A225CBED4D9A}.Debug|iPhoneSimulator.Build.0 = Debug|Any CPU
		{EC604E67-EF53-4473-A322-A225CBED4D9A}.Debug|iPhoneSimulator.Deploy.0 = Debug|Any CPU
		{EC604E67-EF53-4473-A322-A225CBED4D9A}.Release|Any CPU.ActiveCfg = Release|Any CPU
		{EC604E67-EF53-4473-A322-A225CBED4D9A}.Release|Any CPU.Build.0 = Release|Any CPU
		{EC604E67-EF53-4473-A322-A225CBED4D9A}.Release|Any CPU.Deploy.0 = Release|Any CPU
		{EC604E67-EF53-4473-A322-A225CBED4D9A}.Release|iPhone.ActiveCfg = Release|Any CPU
		{EC604E67-EF53-4473-A322-A225CBED4D9A}.Release|iPhone.Build.0 = Release|Any CPU
		{EC604E67-EF53-4473-A322-A225CBED4D9A}.Release|iPhone.Deploy.0 = Release|Any CPU
		{EC604E67-EF53-4473-A322-A225CBED4D9A}.Release|iPhoneSimulator.ActiveCfg = Release|Any CPU
		{EC604E67-EF53-4473-A322-A225CBED4D9A}.Release|iPhoneSimulator.Build.0 = Release|Any CPU
		{EC604E67-EF53-4473-A322-A225CBED4D9A}.Release|iPhoneSimulator.Deploy.0 = Release|Any CPU
		{2EA8C1A7-BFD6-4E8D-96FF-B6795C8206ED}.Debug|Any CPU.ActiveCfg = Debug|iPhone
		{2EA8C1A7-BFD6-4E8D-96FF-B6795C8206ED}.Debug|Any CPU.Build.0 = Debug|iPhone
		{2EA8C1A7-BFD6-4E8D-96FF-B6795C8206ED}.Debug|Any CPU.Deploy.0 = Debug|iPhone
		{2EA8C1A7-BFD6-4E8D-96FF-B6795C8206ED}.Debug|iPhone.ActiveCfg = Debug|iPhone
		{2EA8C1A7-BFD6-4E8D-96FF-B6795C8206ED}.Debug|iPhone.Build.0 = Debug|iPhone
		{2EA8C1A7-BFD6-4E8D-96FF-B6795C8206ED}.Debug|iPhone.Deploy.0 = Debug|iPhone
		{2EA8C1A7-BFD6-4E8D-96FF-B6795C8206ED}.Debug|iPhoneSimulator.ActiveCfg = Debug|iPhoneSimulator
		{2EA8C1A7-BFD6-4E8D-96FF-B6795C8206ED}.Debug|iPhoneSimulator.Build.0 = Debug|iPhoneSimulator
		{2EA8C1A7-BFD6-4E8D-96FF-B6795C8206ED}.Debug|iPhoneSimulator.Deploy.0 = Debug|iPhoneSimulator
		{2EA8C1A7-BFD6-4E8D-96FF-B6795C8206ED}.Release|Any CPU.ActiveCfg = Release|iPhoneSimulator
		{2EA8C1A7-BFD6-4E8D-96FF-B6795C8206ED}.Release|Any CPU.Build.0 = Release|iPhoneSimulator
		{2EA8C1A7-BFD6-4E8D-96FF-B6795C8206ED}.Release|Any CPU.Deploy.0 = Release|iPhoneSimulator
		{2EA8C1A7-BFD6-4E8D-96FF-B6795C8206ED}.Release|iPhone.ActiveCfg = Release|iPhone
		{2EA8C1A7-BFD6-4E8D-96FF-B6795C8206ED}.Release|iPhone.Build.0 = Release|iPhone
		{2EA8C1A7-BFD6-4E8D-96FF-B6795C8206ED}.Release|iPhone.Deploy.0 = Release|iPhone
		{2EA8C1A7-BFD6-4E8D-96FF-B6795C8206ED}.Release|iPhoneSimulator.ActiveCfg = Release|iPhoneSimulator
		{2EA8C1A7-BFD6-4E8D-96FF-B6795C8206ED}.Release|iPhoneSimulator.Build.0 = Release|iPhoneSimulator
		{2EA8C1A7-BFD6-4E8D-96FF-B6795C8206ED}.Release|iPhoneSimulator.Deploy.0 = Release|iPhoneSimulator
		{E59966AA-A887-48FC-9C92-9208C0771805}.Debug|Any CPU.ActiveCfg = Debug|Any CPU
		{E59966AA-A887-48FC-9C92-9208C0771805}.Debug|Any CPU.Build.0 = Debug|Any CPU
		{E59966AA-A887-48FC-9C92-9208C0771805}.Debug|Any CPU.Deploy.0 = Debug|Any CPU
		{E59966AA-A887-48FC-9C92-9208C0771805}.Debug|iPhone.ActiveCfg = Debug|Any CPU
		{E59966AA-A887-48FC-9C92-9208C0771805}.Debug|iPhone.Build.0 = Debug|Any CPU
		{E59966AA-A887-48FC-9C92-9208C0771805}.Debug|iPhone.Deploy.0 = Debug|Any CPU
		{E59966AA-A887-48FC-9C92-9208C0771805}.Debug|iPhoneSimulator.ActiveCfg = Debug|Any CPU
		{E59966AA-A887-48FC-9C92-9208C0771805}.Debug|iPhoneSimulator.Build.0 = Debug|Any CPU
		{E59966AA-A887-48FC-9C92-9208C0771805}.Debug|iPhoneSimulator.Deploy.0 = Debug|Any CPU
		{E59966AA-A887-48FC-9C92-9208C0771805}.Release|Any CPU.ActiveCfg = Release|Any CPU
		{E59966AA-A887-48FC-9C92-9208C0771805}.Release|Any CPU.Build.0 = Release|Any CPU
		{E59966AA-A887-48FC-9C92-9208C0771805}.Release|Any CPU.Deploy.0 = Release|Any CPU
		{E59966AA-A887-48FC-9C92-9208C0771805}.Release|iPhone.ActiveCfg = Release|Any CPU
		{E59966AA-A887-48FC-9C92-9208C0771805}.Release|iPhone.Build.0 = Release|Any CPU
		{E59966AA-A887-48FC-9C92-9208C0771805}.Release|iPhone.Deploy.0 = Release|Any CPU
		{E59966AA-A887-48FC-9C92-9208C0771805}.Release|iPhoneSimulator.ActiveCfg = Release|Any CPU
		{E59966AA-A887-48FC-9C92-9208C0771805}.Release|iPhoneSimulator.Build.0 = Release|Any CPU
		{E59966AA-A887-48FC-9C92-9208C0771805}.Release|iPhoneSimulator.Deploy.0 = Release|Any CPU
	EndGlobalSection
	GlobalSection(SolutionProperties) = preSolution
		HideSolutionNode = FALSE
	EndGlobalSection
	GlobalSection(ExtensibilityGlobals) = postSolution
		SolutionGuid = {C62D0E69-9761-4012-A321-AD4754945B99}
	EndGlobalSection
EndGlobal
